
Microsoft Visual Studio Solution File, Format Version 12.00
# Visual Studio Version 17
VisualStudioVersion = 17.1.32407.343
MinimumVisualStudioVersion = 10.0.40219.1
Project("{FAE04EC0-301F-11D3-BF4B-00C04F79EFBC}") = "OrderApp", "OrderApp\OrderApp.csproj", "{CE9FAD69-423A-4E3E-AE34-394CB99B348E}"
EndProject
Global
	GlobalSection(SolutionConfigurationPlatforms) = preSolution
		Debug|Any CPU = Debug|Any CPU
		Release|Any CPU = Release|Any CPU
	EndGlobalSection
	GlobalSection(ProjectConfigurationPlatforms) = postSolution
		{CE9FAD69-423A-4E3E-AE34-394CB99B348E}.Debug|Any CPU.ActiveCfg = Debug|Any CPU
		{CE9FAD69-423A-4E3E-AE34-394CB99B348E}.Debug|Any CPU.Build.0 = Debug|Any CPU
		{CE9FAD69-423A-4E3E-AE34-394CB99B348E}.Release|Any CPU.ActiveCfg = Release|Any CPU
		{CE9FAD69-423A-4E3E-AE34-394CB99B348E}.Release|Any CPU.Build.0 = Release|Any CPU
	EndGlobalSection
	GlobalSection(SolutionProperties) = preSolution
		HideSolutionNode = FALSE
	EndGlobalSection
	GlobalSection(ExtensibilityGlobals) = postSolution
		SolutionGuid = {ECCF561E-A6CB-4D11-B84A-36C3A136DE9D}
	EndGlobalSection
EndGlobal
